// !$*UTF8*$!
{
	archiveVersion = 1;
	classes = {
	};
	objectVersion = 50;
	objects = {

/* Begin PBXBuildFile section */
		0D707B362195DBAC002B04B7 /* BaseModel.m in Sources */ = {isa = PBXBuildFile; fileRef = 0D707B352195DBAC002B04B7 /* BaseModel.m */; };
		0D707B3C219681A4002B04B7 /* UserHomeController.m in Sources */ = {isa = PBXBuildFile; fileRef = 0D707B3B219681A4002B04B7 /* UserHomeController.m */; };
		0D707B4021970EF4002B04B7 /* BaseViewController.m in Sources */ = {isa = PBXBuildFile; fileRef = 0D707B3F21970EF4002B04B7 /* BaseViewController.m */; };
		0D707B462197FFE8002B04B7 /* UserHeader.m in Sources */ = {isa = PBXBuildFile; fileRef = 0D707B452197FFE8002B04B7 /* UserHeader.m */; };
		0D707B4E21A2E0A8002B04B7 /* WebPFrame.m in Sources */ = {isa = PBXBuildFile; fileRef = 0D707B4D21A2E0A8002B04B7 /* WebPFrame.m */; };
		5F2F2AA141374EE438F87302 /* libPods-Douyi-clone.a in Frameworks */ = {isa = PBXBuildFile; fileRef = D46D8A42EFF89FFB305F6A92 /* libPods-Douyi-clone.a */; };
		CF4BFE8E2195599E00760CED /* AppDelegate.m in Sources */ = {isa = PBXBuildFile; fileRef = CF4BFE8D2195599E00760CED /* AppDelegate.m */; };
		CF4BFE942195599E00760CED /* Main.storyboard in Resources */ = {isa = PBXBuildFile; fileRef = CF4BFE922195599E00760CED /* Main.storyboard */; };
		CF4BFE96219559A600760CED /* Assets.xcassets in Resources */ = {isa = PBXBuildFile; fileRef = CF4BFE95219559A600760CED /* Assets.xcassets */; };
		CF4BFE99219559A600760CED /* LaunchScreen.storyboard in Resources */ = {isa = PBXBuildFile; fileRef = CF4BFE97219559A600760CED /* LaunchScreen.storyboard */; };
		CF4BFE9C219559A600760CED /* main.m in Sources */ = {isa = PBXBuildFile; fileRef = CF4BFE9B219559A600760CED /* main.m */; };
		CF4BFEA821994E2900760CED /* AwemeCollectionViewCell.m in Sources */ = {isa = PBXBuildFile; fileRef = CF4BFEA721994E2900760CED /* AwemeCollectionViewCell.m */; };
		CFC287ED219A7E1300D20362 /* NetworkHelper.m in Sources */ = {isa = PBXBuildFile; fileRef = CFC287EC219A7E1300D20362 /* NetworkHelper.m */; };
		CFC287F0219A80DF00D20362 /* User.m in Sources */ = {isa = PBXBuildFile; fileRef = CFC287EF219A80DF00D20362 /* User.m */; };
		CFC287F5219AA4A200D20362 /* BaseResponse.m in Sources */ = {isa = PBXBuildFile; fileRef = CFC287F4219AA4A200D20362 /* BaseResponse.m */; };
		CFC287F8219AA4D400D20362 /* UserResponse.m in Sources */ = {isa = PBXBuildFile; fileRef = CFC287F7219AA4D400D20362 /* UserResponse.m */; };
		CFC287FB219AA9B000D20362 /* BaseRequest.m in Sources */ = {isa = PBXBuildFile; fileRef = CFC287FA219AA9B000D20362 /* BaseRequest.m */; };
		CFC287FE219AA9E300D20362 /* UserRequest.m in Sources */ = {isa = PBXBuildFile; fileRef = CFC287FD219AA9E300D20362 /* UserRequest.m */; };
		CFFC0A3A219BB67C003A7911 /* user.json in Resources */ = {isa = PBXBuildFile; fileRef = CFFC0A39219BB67C003A7911 /* user.json */; };
		CFFC0A3C219BB6B3003A7911 /* awemes.json in Resources */ = {isa = PBXBuildFile; fileRef = CFFC0A3B219BB6B3003A7911 /* awemes.json */; };
		CFFC0A3E219BB6E0003A7911 /* favorites.json in Resources */ = {isa = PBXBuildFile; fileRef = CFFC0A3D219BB6E0003A7911 /* favorites.json */; };
		CFFC0A40219BB6EF003A7911 /* comments.json in Resources */ = {isa = PBXBuildFile; fileRef = CFFC0A3F219BB6EF003A7911 /* comments.json */; };
		CFFC0A42219BB6FB003A7911 /* emotion.json in Resources */ = {isa = PBXBuildFile; fileRef = CFFC0A41219BB6FB003A7911 /* emotion.json */; };
		CFFC0A44219BB710003A7911 /* groupchats.json in Resources */ = {isa = PBXBuildFile; fileRef = CFFC0A43219BB710003A7911 /* groupchats.json */; };
		CFFC0A47219E567C003A7911 /* SlideTabBar.m in Sources */ = {isa = PBXBuildFile; fileRef = CFFC0A46219E567C003A7911 /* SlideTabBar.m */; };
		CFFC0A4A219EB077003A7911 /* AwemeListRequest.m in Sources */ = {isa = PBXBuildFile; fileRef = CFFC0A49219EB077003A7911 /* AwemeListRequest.m */; };
		CFFC0A4D219EB2DC003A7911 /* AwemeResponse.m in Sources */ = {isa = PBXBuildFile; fileRef = CFFC0A4C219EB2DC003A7911 /* AwemeResponse.m */; };
		CFFC0A50219EB2EC003A7911 /* AwemeListResponse.m in Sources */ = {isa = PBXBuildFile; fileRef = CFFC0A4F219EB2EC003A7911 /* AwemeListResponse.m */; };
		CFFC0A53219EB37E003A7911 /* Aweme.m in Sources */ = {isa = PBXBuildFile; fileRef = CFFC0A52219EB37E003A7911 /* Aweme.m */; };
		CFFC0A57219FAE5D003A7911 /* WebPImage.m in Sources */ = {isa = PBXBuildFile; fileRef = CFFC0A56219FAE5D003A7911 /* WebPImage.m */; };
		CFFC0A5A219FAE75003A7911 /* WebPImageView.m in Sources */ = {isa = PBXBuildFile; fileRef = CFFC0A59219FAE75003A7911 /* WebPImageView.m */; };
		CFFC0A5D219FAE95003A7911 /* WebPQueueManager.m in Sources */ = {isa = PBXBuildFile; fileRef = CFFC0A5C219FAE95003A7911 /* WebPQueueManager.m */; };
/* End PBXBuildFile section */

/* Begin PBXFileReference section */
		0D707B342195DBAC002B04B7 /* BaseModel.h */ = {isa = PBXFileReference; lastKnownFileType = sourcecode.c.h; path = BaseModel.h; sourceTree = SOURCE_ROOT; };
		0D707B352195DBAC002B04B7 /* BaseModel.m */ = {isa = PBXFileReference; lastKnownFileType = sourcecode.c.objc; path = BaseModel.m; sourceTree = SOURCE_ROOT; };
		0D707B3A219681A4002B04B7 /* UserHomeController.h */ = {isa = PBXFileReference; lastKnownFileType = sourcecode.c.h; path = UserHomeController.h; sourceTree = "<group>"; };
		0D707B3B219681A4002B04B7 /* UserHomeController.m */ = {isa = PBXFileReference; lastKnownFileType = sourcecode.c.objc; path = UserHomeController.m; sourceTree = "<group>"; };
		0D707B3E21970EF4002B04B7 /* BaseViewController.h */ = {isa = PBXFileReference; lastKnownFileType = sourcecode.c.h; path = BaseViewController.h; sourceTree = "<group>"; };
		0D707B3F21970EF4002B04B7 /* BaseViewController.m */ = {isa = PBXFileReference; lastKnownFileType = sourcecode.c.objc; path = BaseViewController.m; sourceTree = "<group>"; };
		0D707B4221971774002B04B7 /* Constants.h */ = {isa = PBXFileReference; lastKnownFileType = sourcecode.c.h; path = Constants.h; sourceTree = "<group>"; };
		0D707B442197FFE8002B04B7 /* UserHeader.h */ = {isa = PBXFileReference; lastKnownFileType = sourcecode.c.h; path = UserHeader.h; sourceTree = "<group>"; };
		0D707B452197FFE8002B04B7 /* UserHeader.m */ = {isa = PBXFileReference; lastKnownFileType = sourcecode.c.objc; path = UserHeader.m; sourceTree = "<group>"; };
		0D707B4C21A2E0A8002B04B7 /* WebPFrame.h */ = {isa = PBXFileReference; lastKnownFileType = sourcecode.c.h; path = WebPFrame.h; sourceTree = "<group>"; };
		0D707B4D21A2E0A8002B04B7 /* WebPFrame.m */ = {isa = PBXFileReference; lastKnownFileType = sourcecode.c.objc; path = WebPFrame.m; sourceTree = "<group>"; };
		50E89DB8B4221AB51F23F2C8 /* Pods-Douyi-clone.release.xcconfig */ = {isa = PBXFileReference; includeInIndex = 1; lastKnownFileType = text.xcconfig; name = "Pods-Douyi-clone.release.xcconfig"; path = "Pods/Target Support Files/Pods-Douyi-clone/Pods-Douyi-clone.release.xcconfig"; sourceTree = "<group>"; };
		575F445389FCFF553818E350 /* Pods-Douyi-clone.debug.xcconfig */ = {isa = PBXFileReference; includeInIndex = 1; lastKnownFileType = text.xcconfig; name = "Pods-Douyi-clone.debug.xcconfig"; path = "Pods/Target Support Files/Pods-Douyi-clone/Pods-Douyi-clone.debug.xcconfig"; sourceTree = "<group>"; };
		CF4BFE892195599E00760CED /* Douyi-clone.app */ = {isa = PBXFileReference; explicitFileType = wrapper.application; includeInIndex = 0; path = "Douyi-clone.app"; sourceTree = BUILT_PRODUCTS_DIR; };
		CF4BFE8C2195599E00760CED /* AppDelegate.h */ = {isa = PBXFileReference; lastKnownFileType = sourcecode.c.h; path = AppDelegate.h; sourceTree = "<group>"; };
		CF4BFE8D2195599E00760CED /* AppDelegate.m */ = {isa = PBXFileReference; lastKnownFileType = sourcecode.c.objc; path = AppDelegate.m; sourceTree = "<group>"; };
		CF4BFE932195599E00760CED /* Base */ = {isa = PBXFileReference; lastKnownFileType = file.storyboard; name = Base; path = Base.lproj/Main.storyboard; sourceTree = "<group>"; };
		CF4BFE95219559A600760CED /* Assets.xcassets */ = {isa = PBXFileReference; lastKnownFileType = folder.assetcatalog; path = Assets.xcassets; sourceTree = "<group>"; };
		CF4BFE98219559A600760CED /* Base */ = {isa = PBXFileReference; lastKnownFileType = file.storyboard; name = Base; path = Base.lproj/LaunchScreen.storyboard; sourceTree = "<group>"; };
		CF4BFE9A219559A600760CED /* Info.plist */ = {isa = PBXFileReference; lastKnownFileType = text.plist.xml; path = Info.plist; sourceTree = "<group>"; };
		CF4BFE9B219559A600760CED /* main.m */ = {isa = PBXFileReference; lastKnownFileType = sourcecode.c.objc; path = main.m; sourceTree = "<group>"; };
		CF4BFEA621994E2900760CED /* AwemeCollectionViewCell.h */ = {isa = PBXFileReference; lastKnownFileType = sourcecode.c.h; path = AwemeCollectionViewCell.h; sourceTree = "<group>"; };
		CF4BFEA721994E2900760CED /* AwemeCollectionViewCell.m */ = {isa = PBXFileReference; lastKnownFileType = sourcecode.c.objc; path = AwemeCollectionViewCell.m; sourceTree = "<group>"; };
		CFC287EB219A7E1300D20362 /* NetworkHelper.h */ = {isa = PBXFileReference; lastKnownFileType = sourcecode.c.h; path = NetworkHelper.h; sourceTree = "<group>"; };
		CFC287EC219A7E1300D20362 /* NetworkHelper.m */ = {isa = PBXFileReference; lastKnownFileType = sourcecode.c.objc; path = NetworkHelper.m; sourceTree = "<group>"; };
		CFC287EE219A80DF00D20362 /* User.h */ = {isa = PBXFileReference; lastKnownFileType = sourcecode.c.h; name = User.h; path = "Douyi-clone/Network/User.h"; sourceTree = SOURCE_ROOT; };
		CFC287EF219A80DF00D20362 /* User.m */ = {isa = PBXFileReference; lastKnownFileType = sourcecode.c.objc; name = User.m; path = "Douyi-clone/Network/User.m"; sourceTree = SOURCE_ROOT; };
		CFC287F3219AA4A200D20362 /* BaseResponse.h */ = {isa = PBXFileReference; lastKnownFileType = sourcecode.c.h; path = BaseResponse.h; sourceTree = "<group>"; };
		CFC287F4219AA4A200D20362 /* BaseResponse.m */ = {isa = PBXFileReference; lastKnownFileType = sourcecode.c.objc; path = BaseResponse.m; sourceTree = "<group>"; };
		CFC287F6219AA4D400D20362 /* UserResponse.h */ = {isa = PBXFileReference; lastKnownFileType = sourcecode.c.h; path = UserResponse.h; sourceTree = "<group>"; };
		CFC287F7219AA4D400D20362 /* UserResponse.m */ = {isa = PBXFileReference; lastKnownFileType = sourcecode.c.objc; path = UserResponse.m; sourceTree = "<group>"; };
		CFC287F9219AA9B000D20362 /* BaseRequest.h */ = {isa = PBXFileReference; lastKnownFileType = sourcecode.c.h; path = BaseRequest.h; sourceTree = "<group>"; };
		CFC287FA219AA9B000D20362 /* BaseRequest.m */ = {isa = PBXFileReference; lastKnownFileType = sourcecode.c.objc; path = BaseRequest.m; sourceTree = "<group>"; };
		CFC287FC219AA9E300D20362 /* UserRequest.h */ = {isa = PBXFileReference; lastKnownFileType = sourcecode.c.h; path = UserRequest.h; sourceTree = "<group>"; };
		CFC287FD219AA9E300D20362 /* UserRequest.m */ = {isa = PBXFileReference; lastKnownFileType = sourcecode.c.objc; path = UserRequest.m; sourceTree = "<group>"; };
		CFFC0A39219BB67C003A7911 /* user.json */ = {isa = PBXFileReference; lastKnownFileType = text.json; path = user.json; sourceTree = "<group>"; };
		CFFC0A3B219BB6B3003A7911 /* awemes.json */ = {isa = PBXFileReference; lastKnownFileType = text.json; path = awemes.json; sourceTree = "<group>"; };
		CFFC0A3D219BB6E0003A7911 /* favorites.json */ = {isa = PBXFileReference; lastKnownFileType = text.json; path = favorites.json; sourceTree = "<group>"; };
		CFFC0A3F219BB6EF003A7911 /* comments.json */ = {isa = PBXFileReference; lastKnownFileType = text.json; path = comments.json; sourceTree = "<group>"; };
		CFFC0A41219BB6FB003A7911 /* emotion.json */ = {isa = PBXFileReference; lastKnownFileType = text.json; path = emotion.json; sourceTree = "<group>"; };
		CFFC0A43219BB710003A7911 /* groupchats.json */ = {isa = PBXFileReference; lastKnownFileType = text.json; path = groupchats.json; sourceTree = "<group>"; };
		CFFC0A45219E567C003A7911 /* SlideTabBar.h */ = {isa = PBXFileReference; lastKnownFileType = sourcecode.c.h; path = SlideTabBar.h; sourceTree = "<group>"; };
		CFFC0A46219E567C003A7911 /* SlideTabBar.m */ = {isa = PBXFileReference; lastKnownFileType = sourcecode.c.objc; path = SlideTabBar.m; sourceTree = "<group>"; };
		CFFC0A48219EB077003A7911 /* AwemeListRequest.h */ = {isa = PBXFileReference; lastKnownFileType = sourcecode.c.h; path = AwemeListRequest.h; sourceTree = "<group>"; };
		CFFC0A49219EB077003A7911 /* AwemeListRequest.m */ = {isa = PBXFileReference; lastKnownFileType = sourcecode.c.objc; path = AwemeListRequest.m; sourceTree = "<group>"; };
		CFFC0A4B219EB2DC003A7911 /* AwemeResponse.h */ = {isa = PBXFileReference; lastKnownFileType = sourcecode.c.h; path = AwemeResponse.h; sourceTree = "<group>"; };
		CFFC0A4C219EB2DC003A7911 /* AwemeResponse.m */ = {isa = PBXFileReference; lastKnownFileType = sourcecode.c.objc; path = AwemeResponse.m; sourceTree = "<group>"; };
		CFFC0A4E219EB2EC003A7911 /* AwemeListResponse.h */ = {isa = PBXFileReference; lastKnownFileType = sourcecode.c.h; path = AwemeListResponse.h; sourceTree = "<group>"; };
		CFFC0A4F219EB2EC003A7911 /* AwemeListResponse.m */ = {isa = PBXFileReference; lastKnownFileType = sourcecode.c.objc; path = AwemeListResponse.m; sourceTree = "<group>"; };
		CFFC0A51219EB37E003A7911 /* Aweme.h */ = {isa = PBXFileReference; lastKnownFileType = sourcecode.c.h; name = Aweme.h; path = "Douyi-clone/Network/httpResponse/Aweme.h"; sourceTree = SOURCE_ROOT; };
		CFFC0A52219EB37E003A7911 /* Aweme.m */ = {isa = PBXFileReference; lastKnownFileType = sourcecode.c.objc; name = Aweme.m; path = "Douyi-clone/Network/httpResponse/Aweme.m"; sourceTree = SOURCE_ROOT; };
		CFFC0A55219FAE5D003A7911 /* WebPImage.h */ = {isa = PBXFileReference; lastKnownFileType = sourcecode.c.h; path = WebPImage.h; sourceTree = "<group>"; };
		CFFC0A56219FAE5D003A7911 /* WebPImage.m */ = {isa = PBXFileReference; lastKnownFileType = sourcecode.c.objc; path = WebPImage.m; sourceTree = "<group>"; };
		CFFC0A58219FAE75003A7911 /* WebPImageView.h */ = {isa = PBXFileReference; lastKnownFileType = sourcecode.c.h; path = WebPImageView.h; sourceTree = "<group>"; };
		CFFC0A59219FAE75003A7911 /* WebPImageView.m */ = {isa = PBXFileReference; lastKnownFileType = sourcecode.c.objc; path = WebPImageView.m; sourceTree = "<group>"; };
		CFFC0A5B219FAE95003A7911 /* WebPQueueManager.h */ = {isa = PBXFileReference; lastKnownFileType = sourcecode.c.h; path = WebPQueueManager.h; sourceTree = "<group>"; };
		CFFC0A5C219FAE95003A7911 /* WebPQueueManager.m */ = {isa = PBXFileReference; lastKnownFileType = sourcecode.c.objc; path = WebPQueueManager.m; sourceTree = "<group>"; };
		D46D8A42EFF89FFB305F6A92 /* libPods-Douyi-clone.a */ = {isa = PBXFileReference; explicitFileType = archive.ar; includeInIndex = 0; path = "libPods-Douyi-clone.a"; sourceTree = BUILT_PRODUCTS_DIR; };
/* End PBXFileReference section */

/* Begin PBXFrameworksBuildPhase section */
		CF4BFE862195599E00760CED /* Frameworks */ = {
			isa = PBXFrameworksBuildPhase;
			buildActionMask = 2147483647;
			files = (
				5F2F2AA141374EE438F87302 /* libPods-Douyi-clone.a in Frameworks */,
			);
			runOnlyForDeploymentPostprocessing = 0;
		};
/* End PBXFrameworksBuildPhase section */

/* Begin PBXGroup section */
		0D707B3D21970EC7002B04B7 /* UserHomePage */ = {
			isa = PBXGroup;
			children = (
				0D707B3A219681A4002B04B7 /* UserHomeController.h */,
				0D707B3B219681A4002B04B7 /* UserHomeController.m */,
				0D707B442197FFE8002B04B7 /* UserHeader.h */,
				0D707B452197FFE8002B04B7 /* UserHeader.m */,
				CF4BFEA621994E2900760CED /* AwemeCollectionViewCell.h */,
				CF4BFEA721994E2900760CED /* AwemeCollectionViewCell.m */,
				CFFC0A45219E567C003A7911 /* SlideTabBar.h */,
				CFFC0A46219E567C003A7911 /* SlideTabBar.m */,
			);
			path = UserHomePage;
			sourceTree = "<group>";
		};
		0D707B412197174B002B04B7 /* Utils */ = {
			isa = PBXGroup;
			children = (
				0D707B4221971774002B04B7 /* Constants.h */,
			);
			name = Utils;
			sourceTree = "<group>";
		};
		0D707B4321971D8C002B04B7 /* Resource */ = {
			isa = PBXGroup;
			children = (
				CF4BFE95219559A600760CED /* Assets.xcassets */,
				CFFC0A39219BB67C003A7911 /* user.json */,
				CFFC0A3B219BB6B3003A7911 /* awemes.json */,
				CFFC0A3D219BB6E0003A7911 /* favorites.json */,
				CFFC0A3F219BB6EF003A7911 /* comments.json */,
				CFFC0A41219BB6FB003A7911 /* emotion.json */,
				CFFC0A43219BB710003A7911 /* groupchats.json */,
			);
			path = Resource;
			sourceTree = "<group>";
		};
		0D707B4821981F18002B04B7 /* Category */ = {
			isa = PBXGroup;
			children = (
			);
			name = Category;
			sourceTree = "<group>";
		};
		AB64BA885F9275F93651FAC8 /* Frameworks */ = {
			isa = PBXGroup;
			children = (
				D46D8A42EFF89FFB305F6A92 /* libPods-Douyi-clone.a */,
			);
			name = Frameworks;
			sourceTree = "<group>";
		};
		CF4BFE802195599D00760CED = {
			isa = PBXGroup;
			children = (
				CF4BFE8B2195599E00760CED /* Douyi-clone */,
				CF4BFE8A2195599E00760CED /* Products */,
				E0808E8DBFB1A9F85BCCFFF2 /* Pods */,
				AB64BA885F9275F93651FAC8 /* Frameworks */,
			);
			sourceTree = "<group>";
		};
		CF4BFE8A2195599E00760CED /* Products */ = {
			isa = PBXGroup;
			children = (
				CF4BFE892195599E00760CED /* Douyi-clone.app */,
			);
			name = Products;
			sourceTree = "<group>";
		};
		CF4BFE8B2195599E00760CED /* Douyi-clone */ = {
			isa = PBXGroup;
			children = (
				CF4BFE8C2195599E00760CED /* AppDelegate.h */,
				CF4BFE8D2195599E00760CED /* AppDelegate.m */,
				CF4BFE9B219559A600760CED /* main.m */,
				CF4BFE9A219559A600760CED /* Info.plist */,
				0D707B4821981F18002B04B7 /* Category */,
				CF4BFEA42195602C00760CED /* Controller */,
				CF4BFE97219559A600760CED /* LaunchScreen.storyboard */,
				CF4BFE922195599E00760CED /* Main.storyboard */,
				CF4BFEA52195604300760CED /* Model */,
				CFC287EA219A7D6B00D20362 /* Network */,
				0D707B4321971D8C002B04B7 /* Resource */,
				0D707B412197174B002B04B7 /* Utils */,
				CFFC0A54219FAE0E003A7911 /* WebP */,
			);
			path = "Douyi-clone";
			sourceTree = "<group>";
		};
		CF4BFEA42195602C00760CED /* Controller */ = {
			isa = PBXGroup;
			children = (
				0D707B3D21970EC7002B04B7 /* UserHomePage */,
				0D707B3E21970EF4002B04B7 /* BaseViewController.h */,
				0D707B3F21970EF4002B04B7 /* BaseViewController.m */,
			);
			name = Controller;
			sourceTree = "<group>";
		};
		CF4BFEA52195604300760CED /* Model */ = {
			isa = PBXGroup;
			children = (
				0D707B342195DBAC002B04B7 /* BaseModel.h */,
				0D707B352195DBAC002B04B7 /* BaseModel.m */,
				CFC287EE219A80DF00D20362 /* User.h */,
				CFC287EF219A80DF00D20362 /* User.m */,
				CFFC0A51219EB37E003A7911 /* Aweme.h */,
				CFFC0A52219EB37E003A7911 /* Aweme.m */,
			);
			path = Model;
			sourceTree = "<group>";
		};
		CFC287EA219A7D6B00D20362 /* Network */ = {
			isa = PBXGroup;
			children = (
				CFC287F2219AA47100D20362 /* httpResponse */,
				CFC287F1219AA44D00D20362 /* HttpRequest */,
				CFC287EB219A7E1300D20362 /* NetworkHelper.h */,
				CFC287EC219A7E1300D20362 /* NetworkHelper.m */,
			);
			path = Network;
			sourceTree = "<group>";
		};
		CFC287F1219AA44D00D20362 /* HttpRequest */ = {
			isa = PBXGroup;
			children = (
				CFC287F9219AA9B000D20362 /* BaseRequest.h */,
				CFC287FA219AA9B000D20362 /* BaseRequest.m */,
				CFC287FC219AA9E300D20362 /* UserRequest.h */,
				CFC287FD219AA9E300D20362 /* UserRequest.m */,
				CFFC0A48219EB077003A7911 /* AwemeListRequest.h */,
				CFFC0A49219EB077003A7911 /* AwemeListRequest.m */,
			);
			name = HttpRequest;
			sourceTree = "<group>";
		};
		CFC287F2219AA47100D20362 /* httpResponse */ = {
			isa = PBXGroup;
			children = (
				CFC287F3219AA4A200D20362 /* BaseResponse.h */,
				CFC287F4219AA4A200D20362 /* BaseResponse.m */,
				CFC287F6219AA4D400D20362 /* UserResponse.h */,
				CFC287F7219AA4D400D20362 /* UserResponse.m */,
				CFFC0A4B219EB2DC003A7911 /* AwemeResponse.h */,
				CFFC0A4C219EB2DC003A7911 /* AwemeResponse.m */,
				CFFC0A4E219EB2EC003A7911 /* AwemeListResponse.h */,
				CFFC0A4F219EB2EC003A7911 /* AwemeListResponse.m */,
			);
			path = httpResponse;
			sourceTree = "<group>";
		};
		CFFC0A54219FAE0E003A7911 /* WebP */ = {
			isa = PBXGroup;
			children = (
				CFFC0A55219FAE5D003A7911 /* WebPImage.h */,
				CFFC0A56219FAE5D003A7911 /* WebPImage.m */,
				CFFC0A58219FAE75003A7911 /* WebPImageView.h */,
				CFFC0A59219FAE75003A7911 /* WebPImageView.m */,
				CFFC0A5B219FAE95003A7911 /* WebPQueueManager.h */,
				CFFC0A5C219FAE95003A7911 /* WebPQueueManager.m */,
				0D707B4C21A2E0A8002B04B7 /* WebPFrame.h */,
				0D707B4D21A2E0A8002B04B7 /* WebPFrame.m */,
			);
			name = WebP;
			sourceTree = "<group>";
		};
		E0808E8DBFB1A9F85BCCFFF2 /* Pods */ = {
			isa = PBXGroup;
			children = (
				575F445389FCFF553818E350 /* Pods-Douyi-clone.debug.xcconfig */,
				50E89DB8B4221AB51F23F2C8 /* Pods-Douyi-clone.release.xcconfig */,
			);
			name = Pods;
			sourceTree = "<group>";
		};
/* End PBXGroup section */

/* Begin PBXNativeTarget section */
		CF4BFE882195599E00760CED /* Douyi-clone */ = {
			isa = PBXNativeTarget;
			buildConfigurationList = CF4BFE9F219559A600760CED /* Build configuration list for PBXNativeTarget "Douyi-clone" */;
			buildPhases = (
				509A948F3888FDCAB579BA2B /* [CP] Check Pods Manifest.lock */,
				CF4BFE852195599E00760CED /* Sources */,
				CF4BFE862195599E00760CED /* Frameworks */,
				CF4BFE872195599E00760CED /* Resources */,
			);
			buildRules = (
			);
			dependencies = (
			);
			name = "Douyi-clone";
			productName = "Douyi-clone";
			productReference = CF4BFE892195599E00760CED /* Douyi-clone.app */;
			productType = "com.apple.product-type.application";
		};
/* End PBXNativeTarget section */

/* Begin PBXProject section */
		CF4BFE812195599D00760CED /* Project object */ = {
			isa = PBXProject;
			attributes = {
				LastUpgradeCheck = 1000;
				ORGANIZATIONNAME = "Antony x";
				TargetAttributes = {
					CF4BFE882195599E00760CED = {
						CreatedOnToolsVersion = 10.0;
					};
				};
			};
			buildConfigurationList = CF4BFE842195599D00760CED /* Build configuration list for PBXProject "Douyi-clone" */;
			compatibilityVersion = "Xcode 9.3";
			developmentRegion = en;
			hasScannedForEncodings = 0;
			knownRegions = (
				en,
				Base,
			);
			mainGroup = CF4BFE802195599D00760CED;
			productRefGroup = CF4BFE8A2195599E00760CED /* Products */;
			projectDirPath = "";
			projectRoot = "";
			targets = (
				CF4BFE882195599E00760CED /* Douyi-clone */,
			);
		};
/* End PBXProject section */

/* Begin PBXResourcesBuildPhase section */
		CF4BFE872195599E00760CED /* Resources */ = {
			isa = PBXResourcesBuildPhase;
			buildActionMask = 2147483647;
			files = (
				CFFC0A3A219BB67C003A7911 /* user.json in Resources */,
				CFFC0A44219BB710003A7911 /* groupchats.json in Resources */,
				CFFC0A3C219BB6B3003A7911 /* awemes.json in Resources */,
				CF4BFE99219559A600760CED /* LaunchScreen.storyboard in Resources */,
				CF4BFE96219559A600760CED /* Assets.xcassets in Resources */,
				CF4BFE942195599E00760CED /* Main.storyboard in Resources */,
				CFFC0A3E219BB6E0003A7911 /* favorites.json in Resources */,
				CFFC0A40219BB6EF003A7911 /* comments.json in Resources */,
				CFFC0A42219BB6FB003A7911 /* emotion.json in Resources */,
			);
			runOnlyForDeploymentPostprocessing = 0;
		};
/* End PBXResourcesBuildPhase section */

/* Begin PBXShellScriptBuildPhase section */
		509A948F3888FDCAB579BA2B /* [CP] Check Pods Manifest.lock */ = {
			isa = PBXShellScriptBuildPhase;
			buildActionMask = 2147483647;
			files = (
			);
			inputFileListPaths = (
			);
			inputPaths = (
				"${PODS_PODFILE_DIR_PATH}/Podfile.lock",
				"${PODS_ROOT}/Manifest.lock",
			);
			name = "[CP] Check Pods Manifest.lock";
			outputFileListPaths = (
			);
			outputPaths = (
				"$(DERIVED_FILE_DIR)/Pods-Douyi-clone-checkManifestLockResult.txt",
			);
			runOnlyForDeploymentPostprocessing = 0;
			shellPath = /bin/sh;
			shellScript = "diff \"${PODS_PODFILE_DIR_PATH}/Podfile.lock\" \"${PODS_ROOT}/Manifest.lock\" > /dev/null\nif [ $? != 0 ] ; then\n    # print error to STDERR\n    echo \"error: The sandbox is not in sync with the Podfile.lock. Run 'pod install' or update your CocoaPods installation.\" >&2\n    exit 1\nfi\n# This output is used by Xcode 'outputs' to avoid re-running this script phase.\necho \"SUCCESS\" > \"${SCRIPT_OUTPUT_FILE_0}\"\n";
			showEnvVarsInLog = 0;
		};
/* End PBXShellScriptBuildPhase section */

/* Begin PBXSourcesBuildPhase section */
		CF4BFE852195599E00760CED /* Sources */ = {
			isa = PBXSourcesBuildPhase;
			buildActionMask = 2147483647;
			files = (
				CFFC0A4A219EB077003A7911 /* AwemeListRequest.m in Sources */,
				CF4BFE9C219559A600760CED /* main.m in Sources */,
				CFFC0A47219E567C003A7911 /* SlideTabBar.m in Sources */,
				CFFC0A57219FAE5D003A7911 /* WebPImage.m in Sources */,
				CFC287F8219AA4D400D20362 /* UserResponse.m in Sources */,
				0D707B462197FFE8002B04B7 /* UserHeader.m in Sources */,
				CFC287F0219A80DF00D20362 /* User.m in Sources */,
				CFC287FB219AA9B000D20362 /* BaseRequest.m in Sources */,
				CF4BFEA821994E2900760CED /* AwemeCollectionViewCell.m in Sources */,
				CFFC0A50219EB2EC003A7911 /* AwemeListResponse.m in Sources */,
				CFFC0A53219EB37E003A7911 /* Aweme.m in Sources */,
				CFFC0A4D219EB2DC003A7911 /* AwemeResponse.m in Sources */,
				0D707B4021970EF4002B04B7 /* BaseViewController.m in Sources */,
				0D707B4E21A2E0A8002B04B7 /* WebPFrame.m in Sources */,
				CFC287F5219AA4A200D20362 /* BaseResponse.m in Sources */,
				CFC287FE219AA9E300D20362 /* UserRequest.m in Sources */,
				CFC287ED219A7E1300D20362 /* NetworkHelper.m in Sources */,
				0D707B362195DBAC002B04B7 /* BaseModel.m in Sources */,
				CF4BFE8E2195599E00760CED /* AppDelegate.m in Sources */,
				CFFC0A5D219FAE95003A7911 /* WebPQueueManager.m in Sources */,
				CFFC0A5A219FAE75003A7911 /* WebPImageView.m in Sources */,
				0D707B3C219681A4002B04B7 /* UserHomeController.m in Sources */,
			);
			runOnlyForDeploymentPostprocessing = 0;
		};
/* End PBXSourcesBuildPhase section */

/* Begin PBXVariantGroup section */
		CF4BFE922195599E00760CED /* Main.storyboard */ = {
			isa = PBXVariantGroup;
			children = (
				CF4BFE932195599E00760CED /* Base */,
			);
			name = Main.storyboard;
			sourceTree = "<group>";
		};
		CF4BFE97219559A600760CED /* LaunchScreen.storyboard */ = {
			isa = PBXVariantGroup;
			children = (
				CF4BFE98219559A600760CED /* Base */,
			);
			name = LaunchScreen.storyboard;
			sourceTree = "<group>";
		};
/* End PBXVariantGroup section */

/* Begin XCBuildConfiguration section */
		CF4BFE9D219559A600760CED /* Debug */ = {
			isa = XCBuildConfiguration;
			buildSettings = {
				ALWAYS_SEARCH_USER_PATHS = NO;
				CLANG_ANALYZER_NONNULL = YES;
				CLANG_ANALYZER_NUMBER_OBJECT_CONVERSION = YES_AGGRESSIVE;
				CLANG_CXX_LANGUAGE_STANDARD = "gnu++14";
				CLANG_CXX_LIBRARY = "libc++";
				CLANG_ENABLE_MODULES = YES;
				CLANG_ENABLE_OBJC_ARC = YES;
				CLANG_ENABLE_OBJC_WEAK = YES;
				CLANG_WARN_BLOCK_CAPTURE_AUTORELEASING = YES;
				CLANG_WARN_BOOL_CONVERSION = YES;
				CLANG_WARN_COMMA = YES;
				CLANG_WARN_CONSTANT_CONVERSION = YES;
				CLANG_WARN_DEPRECATED_OBJC_IMPLEMENTATIONS = YES;
				CLANG_WARN_DIRECT_OBJC_ISA_USAGE = YES_ERROR;
				CLANG_WARN_DOCUMENTATION_COMMENTS = YES;
				CLANG_WARN_EMPTY_BODY = YES;
				CLANG_WARN_ENUM_CONVERSION = YES;
				CLANG_WARN_INFINITE_RECURSION = YES;
				CLANG_WARN_INT_CONVERSION = YES;
				CLANG_WARN_NON_LITERAL_NULL_CONVERSION = YES;
				CLANG_WARN_OBJC_IMPLICIT_RETAIN_SELF = YES;
				CLANG_WARN_OBJC_LITERAL_CONVERSION = YES;
				CLANG_WARN_OBJC_ROOT_CLASS = YES_ERROR;
				CLANG_WARN_RANGE_LOOP_ANALYSIS = YES;
				CLANG_WARN_STRICT_PROTOTYPES = YES;
				CLANG_WARN_SUSPICIOUS_MOVE = YES;
				CLANG_WARN_UNGUARDED_AVAILABILITY = YES_AGGRESSIVE;
				CLANG_WARN_UNREACHABLE_CODE = YES;
				CLANG_WARN__DUPLICATE_METHOD_MATCH = YES;
				CODE_SIGN_IDENTITY = "iPhone Developer";
				COPY_PHASE_STRIP = NO;
				DEBUG_INFORMATION_FORMAT = dwarf;
				ENABLE_STRICT_OBJC_MSGSEND = YES;
				ENABLE_TESTABILITY = YES;
				GCC_C_LANGUAGE_STANDARD = gnu11;
				GCC_DYNAMIC_NO_PIC = NO;
				GCC_NO_COMMON_BLOCKS = YES;
				GCC_OPTIMIZATION_LEVEL = 0;
				GCC_PREPROCESSOR_DEFINITIONS = (
					"DEBUG=1",
					"$(inherited)",
				);
				GCC_WARN_64_TO_32_BIT_CONVERSION = YES;
				GCC_WARN_ABOUT_RETURN_TYPE = YES_ERROR;
				GCC_WARN_UNDECLARED_SELECTOR = YES;
				GCC_WARN_UNINITIALIZED_AUTOS = YES_AGGRESSIVE;
				GCC_WARN_UNUSED_FUNCTION = YES;
				GCC_WARN_UNUSED_VARIABLE = YES;
				IPHONEOS_DEPLOYMENT_TARGET = 12.0;
				MTL_ENABLE_DEBUG_INFO = INCLUDE_SOURCE;
				MTL_FAST_MATH = YES;
				ONLY_ACTIVE_ARCH = YES;
				SDKROOT = iphoneos;
			};
			name = Debug;
		};
		CF4BFE9E219559A600760CED /* Release */ = {
			isa = XCBuildConfiguration;
			buildSettings = {
				ALWAYS_SEARCH_USER_PATHS = NO;
				CLANG_ANALYZER_NONNULL = YES;
				CLANG_ANALYZER_NUMBER_OBJECT_CONVERSION = YES_AGGRESSIVE;
				CLANG_CXX_LANGUAGE_STANDARD = "gnu++14";
				CLANG_CXX_LIBRARY = "libc++";
				CLANG_ENABLE_MODULES = YES;
				CLANG_ENABLE_OBJC_ARC = YES;
				CLANG_ENABLE_OBJC_WEAK = YES;
				CLANG_WARN_BLOCK_CAPTURE_AUTORELEASING = YES;
				CLANG_WARN_BOOL_CONVERSION = YES;
				CLANG_WARN_COMMA = YES;
				CLANG_WARN_CONSTANT_CONVERSION = YES;
				CLANG_WARN_DEPRECATED_OBJC_IMPLEMENTATIONS = YES;
				CLANG_WARN_DIRECT_OBJC_ISA_USAGE = YES_ERROR;
				CLANG_WARN_DOCUMENTATION_COMMENTS = YES;
				CLANG_WARN_EMPTY_BODY = YES;
				CLANG_WARN_ENUM_CONVERSION = YES;
				CLANG_WARN_INFINITE_RECURSION = YES;
				CLANG_WARN_INT_CONVERSION = YES;
				CLANG_WARN_NON_LITERAL_NULL_CONVERSION = YES;
				CLANG_WARN_OBJC_IMPLICIT_RETAIN_SELF = YES;
				CLANG_WARN_OBJC_LITERAL_CONVERSION = YES;
				CLANG_WARN_OBJC_ROOT_CLASS = YES_ERROR;
				CLANG_WARN_RANGE_LOOP_ANALYSIS = YES;
				CLANG_WARN_STRICT_PROTOTYPES = YES;
				CLANG_WARN_SUSPICIOUS_MOVE = YES;
				CLANG_WARN_UNGUARDED_AVAILABILITY = YES_AGGRESSIVE;
				CLANG_WARN_UNREACHABLE_CODE = YES;
				CLANG_WARN__DUPLICATE_METHOD_MATCH = YES;
				CODE_SIGN_IDENTITY = "iPhone Developer";
				COPY_PHASE_STRIP = NO;
				DEBUG_INFORMATION_FORMAT = "dwarf-with-dsym";
				ENABLE_NS_ASSERTIONS = NO;
				ENABLE_STRICT_OBJC_MSGSEND = YES;
				GCC_C_LANGUAGE_STANDARD = gnu11;
				GCC_NO_COMMON_BLOCKS = YES;
				GCC_WARN_64_TO_32_BIT_CONVERSION = YES;
				GCC_WARN_ABOUT_RETURN_TYPE = YES_ERROR;
				GCC_WARN_UNDECLARED_SELECTOR = YES;
				GCC_WARN_UNINITIALIZED_AUTOS = YES_AGGRESSIVE;
				GCC_WARN_UNUSED_FUNCTION = YES;
				GCC_WARN_UNUSED_VARIABLE = YES;
				IPHONEOS_DEPLOYMENT_TARGET = 12.0;
				MTL_ENABLE_DEBUG_INFO = NO;
				MTL_FAST_MATH = YES;
				SDKROOT = iphoneos;
				VALIDATE_PRODUCT = YES;
			};
			name = Release;
		};
		CF4BFEA0219559A600760CED /* Debug */ = {
			isa = XCBuildConfiguration;
			baseConfigurationReference = 575F445389FCFF553818E350 /* Pods-Douyi-clone.debug.xcconfig */;
			buildSettings = {
				ASSETCATALOG_COMPILER_APPICON_NAME = AppIcon;
				CODE_SIGN_STYLE = Automatic;
				INFOPLIST_FILE = "Douyi-clone/Info.plist";
				LD_RUNPATH_SEARCH_PATHS = (
					"$(inherited)",
					"@executable_path/Frameworks",
				);
				PRODUCT_BUNDLE_IDENTIFIER = "com.antony.test.Douyi-clone";
				PRODUCT_NAME = "$(TARGET_NAME)";
				TARGETED_DEVICE_FAMILY = "1,2";
			};
			name = Debug;
		};
		CF4BFEA1219559A600760CED /* Release */ = {
			isa = XCBuildConfiguration;
			baseConfigurationReference = 50E89DB8B4221AB51F23F2C8 /* Pods-Douyi-clone.release.xcconfig */;
			buildSettings = {
				ASSETCATALOG_COMPILER_APPICON_NAME = AppIcon;
				CODE_SIGN_STYLE = Automatic;
				INFOPLIST_FILE = "Douyi-clone/Info.plist";
				LD_RUNPATH_SEARCH_PATHS = (
					"$(inherited)",
					"@executable_path/Frameworks",
				);
				PRODUCT_BUNDLE_IDENTIFIER = "com.antony.test.Douyi-clone";
				PRODUCT_NAME = "$(TARGET_NAME)";
				TARGETED_DEVICE_FAMILY = "1,2";
			};
			name = Release;
		};
/* End XCBuildConfiguration section */

/* Begin XCConfigurationList section */
		CF4BFE842195599D00760CED /* Build configuration list for PBXProject "Douyi-clone" */ = {
			isa = XCConfigurationList;
			buildConfigurations = (
				CF4BFE9D219559A600760CED /* Debug */,
				CF4BFE9E219559A600760CED /* Release */,
			);
			defaultConfigurationIsVisible = 0;
			defaultConfigurationName = Release;
		};
		CF4BFE9F219559A600760CED /* Build configuration list for PBXNativeTarget "Douyi-clone" */ = {
			isa = XCConfigurationList;
			buildConfigurations = (
				CF4BFEA0219559A600760CED /* Debug */,
				CF4BFEA1219559A600760CED /* Release */,
			);
			defaultConfigurationIsVisible = 0;
			defaultConfigurationName = Release;
		};
/* End XCConfigurationList section */
	};
	rootObject = CF4BFE812195599D00760CED /* Project object */;
}
