// !$*UTF8*$!
{
	archiveVersion = 1;
	classes = {
	};
	objectVersion = 50;
	objects = {

/* Begin PBXBuildFile section */
		0D707B362195DBAC002B04B7 /* BaseModel.m in Sources */ = {isa = PBXBuildFile; fileRef = 0D707B352195DBAC002B04B7 /* BaseModel.m */; };
		0D707B3C219681A4002B04B7 /* UserHomeController.m in Sources */ = {isa = PBXBuildFile; fileRef = 0D707B3B219681A4002B04B7 /* UserHomeController.m */; };
		0D707B4021970EF4002B04B7 /* BaseViewController.m in Sources */ = {isa = PBXBuildFile; fileRef = 0D707B3F21970EF4002B04B7 /* BaseViewController.m */; };
		0D707B462197FFE8002B04B7 /* UserHeader.m in Sources */ = {isa = PBXBuildFile; fileRef = 0D707B452197FFE8002B04B7 /* UserHeader.m */; };
		5F2F2AA141374EE438F87302 /* libPods-Douyi-clone.a in Frameworks */ = {isa = PBXBuildFile; fileRef = D46D8A42EFF89FFB305F6A92 /* libPods-Douyi-clone.a */; };
		CF4BFE8E2195599E00760CED /* AppDelegate.m in Sources */ = {isa = PBXBuildFile; fileRef = CF4BFE8D2195599E00760CED /* AppDelegate.m */; };
		CF4BFE942195599E00760CED /* Main.storyboard in Resources */ = {isa = PBXBuildFile; fileRef = CF4BFE922195599E00760CED /* Main.storyboard */; };
		CF4BFE96219559A600760CED /* Assets.xcassets in Resources */ = {isa = PBXBuildFile; fileRef = CF4BFE95219559A600760CED /* Assets.xcassets */; };
		CF4BFE99219559A600760CED /* LaunchScreen.storyboard in Resources */ = {isa = PBXBuildFile; fileRef = CF4BFE97219559A600760CED /* LaunchScreen.storyboard */; };
		CF4BFE9C219559A600760CED /* main.m in Sources */ = {isa = PBXBuildFile; fileRef = CF4BFE9B219559A600760CED /* main.m */; };
/* End PBXBuildFile section */

/* Begin PBXFileReference section */
		0D707B342195DBAC002B04B7 /* BaseModel.h */ = {isa = PBXFileReference; lastKnownFileType = sourcecode.c.h; path = BaseModel.h; sourceTree = SOURCE_ROOT; };
		0D707B352195DBAC002B04B7 /* BaseModel.m */ = {isa = PBXFileReference; lastKnownFileType = sourcecode.c.objc; path = BaseModel.m; sourceTree = SOURCE_ROOT; };
		0D707B3A219681A4002B04B7 /* UserHomeController.h */ = {isa = PBXFileReference; lastKnownFileType = sourcecode.c.h; path = UserHomeController.h; sourceTree = "<group>"; };
		0D707B3B219681A4002B04B7 /* UserHomeController.m */ = {isa = PBXFileReference; lastKnownFileType = sourcecode.c.objc; path = UserHomeController.m; sourceTree = "<group>"; };
		0D707B3E21970EF4002B04B7 /* BaseViewController.h */ = {isa = PBXFileReference; lastKnownFileType = sourcecode.c.h; path = BaseViewController.h; sourceTree = "<group>"; };
		0D707B3F21970EF4002B04B7 /* BaseViewController.m */ = {isa = PBXFileReference; lastKnownFileType = sourcecode.c.objc; path = BaseViewController.m; sourceTree = "<group>"; };
		0D707B4221971774002B04B7 /* Constants.h */ = {isa = PBXFileReference; lastKnownFileType = sourcecode.c.h; path = Constants.h; sourceTree = "<group>"; };
		0D707B442197FFE8002B04B7 /* UserHeader.h */ = {isa = PBXFileReference; lastKnownFileType = sourcecode.c.h; path = UserHeader.h; sourceTree = "<group>"; };
		0D707B452197FFE8002B04B7 /* UserHeader.m */ = {isa = PBXFileReference; lastKnownFileType = sourcecode.c.objc; path = UserHeader.m; sourceTree = "<group>"; };
		50E89DB8B4221AB51F23F2C8 /* Pods-Douyi-clone.release.xcconfig */ = {isa = PBXFileReference; includeInIndex = 1; lastKnownFileType = text.xcconfig; name = "Pods-Douyi-clone.release.xcconfig"; path = "Pods/Target Support Files/Pods-Douyi-clone/Pods-Douyi-clone.release.xcconfig"; sourceTree = "<group>"; };
		575F445389FCFF553818E350 /* Pods-Douyi-clone.debug.xcconfig */ = {isa = PBXFileReference; includeInIndex = 1; lastKnownFileType = text.xcconfig; name = "Pods-Douyi-clone.debug.xcconfig"; path = "Pods/Target Support Files/Pods-Douyi-clone/Pods-Douyi-clone.debug.xcconfig"; sourceTree = "<group>"; };
		CF4BFE892195599E00760CED /* Douyi-clone.app */ = {isa = PBXFileReference; explicitFileType = wrapper.application; includeInIndex = 0; path = "Douyi-clone.app"; sourceTree = BUILT_PRODUCTS_DIR; };
		CF4BFE8C2195599E00760CED /* AppDelegate.h */ = {isa = PBXFileReference; lastKnownFileType = sourcecode.c.h; path = AppDelegate.h; sourceTree = "<group>"; };
		CF4BFE8D2195599E00760CED /* AppDelegate.m */ = {isa = PBXFileReference; lastKnownFileType = sourcecode.c.objc; path = AppDelegate.m; sourceTree = "<group>"; };
		CF4BFE932195599E00760CED /* Base */ = {isa = PBXFileReference; lastKnownFileType = file.storyboard; name = Base; path = Base.lproj/Main.storyboard; sourceTree = "<group>"; };
		CF4BFE95219559A600760CED /* Assets.xcassets */ = {isa = PBXFileReference; lastKnownFileType = folder.assetcatalog; path = Assets.xcassets; sourceTree = "<group>"; };
		CF4BFE98219559A600760CED /* Base */ = {isa = PBXFileReference; lastKnownFileType = file.storyboard; name = Base; path = Base.lproj/LaunchScreen.storyboard; sourceTree = "<group>"; };
		CF4BFE9A219559A600760CED /* Info.plist */ = {isa = PBXFileReference; lastKnownFileType = text.plist.xml; path = Info.plist; sourceTree = "<group>"; };
		CF4BFE9B219559A600760CED /* main.m */ = {isa = PBXFileReference; lastKnownFileType = sourcecode.c.objc; path = main.m; sourceTree = "<group>"; };
		D46D8A42EFF89FFB305F6A92 /* libPods-Douyi-clone.a */ = {isa = PBXFileReference; explicitFileType = archive.ar; includeInIndex = 0; path = "libPods-Douyi-clone.a"; sourceTree = BUILT_PRODUCTS_DIR; };
/* End PBXFileReference section */

/* Begin PBXFrameworksBuildPhase section */
		CF4BFE862195599E00760CED /* Frameworks */ = {
			isa = PBXFrameworksBuildPhase;
			buildActionMask = 2147483647;
			files = (
				5F2F2AA141374EE438F87302 /* libPods-Douyi-clone.a in Frameworks */,
			);
			runOnlyForDeploymentPostprocessing = 0;
		};
/* End PBXFrameworksBuildPhase section */

/* Begin PBXGroup section */
		0D707B3D21970EC7002B04B7 /* UserHomePage */ = {
			isa = PBXGroup;
			children = (
				0D707B3A219681A4002B04B7 /* UserHomeController.h */,
				0D707B3B219681A4002B04B7 /* UserHomeController.m */,
				0D707B442197FFE8002B04B7 /* UserHeader.h */,
				0D707B452197FFE8002B04B7 /* UserHeader.m */,
			);
			path = UserHomePage;
			sourceTree = "<group>";
		};
		0D707B412197174B002B04B7 /* Utils */ = {
			isa = PBXGroup;
			children = (
				0D707B4221971774002B04B7 /* Constants.h */,
			);
			name = Utils;
			sourceTree = "<group>";
		};
		0D707B4321971D8C002B04B7 /* Resource */ = {
			isa = PBXGroup;
			children = (
				CF4BFE95219559A600760CED /* Assets.xcassets */,
			);
			path = Resource;
			sourceTree = "<group>";
		};
		0D707B4821981F18002B04B7 /* Category */ = {
			isa = PBXGroup;
			children = (
			);
			name = Category;
			sourceTree = "<group>";
		};
		AB64BA885F9275F93651FAC8 /* Frameworks */ = {
			isa = PBXGroup;
			children = (
				D46D8A42EFF89FFB305F6A92 /* libPods-Douyi-clone.a */,
			);
			name = Frameworks;
			sourceTree = "<group>";
		};
		CF4BFE802195599D00760CED = {
			isa = PBXGroup;
			children = (
				CF4BFE8B2195599E00760CED /* Douyi-clone */,
				CF4BFE8A2195599E00760CED /* Products */,
				E0808E8DBFB1A9F85BCCFFF2 /* Pods */,
				AB64BA885F9275F93651FAC8 /* Frameworks */,
			);
			sourceTree = "<group>";
		};
		CF4BFE8A2195599E00760CED /* Products */ = {
			isa = PBXGroup;
			children = (
				CF4BFE892195599E00760CED /* Douyi-clone.app */,
			);
			name = Products;
			sourceTree = "<group>";
		};
		CF4BFE8B2195599E00760CED /* Douyi-clone */ = {
			isa = PBXGroup;
			children = (
				0D707B4821981F18002B04B7 /* Category */,
				0D707B4321971D8C002B04B7 /* Resource */,
				0D707B412197174B002B04B7 /* Utils */,
				CF4BFEA52195604300760CED /* Model */,
				CF4BFEA42195602C00760CED /* Controller */,
				CF4BFE8C2195599E00760CED /* AppDelegate.h */,
				CF4BFE8D2195599E00760CED /* AppDelegate.m */,
				CF4BFE922195599E00760CED /* Main.storyboard */,
				CF4BFE97219559A600760CED /* LaunchScreen.storyboard */,
				CF4BFE9A219559A600760CED /* Info.plist */,
				CF4BFE9B219559A600760CED /* main.m */,
			);
			path = "Douyi-clone";
			sourceTree = "<group>";
		};
		CF4BFEA42195602C00760CED /* Controller */ = {
			isa = PBXGroup;
			children = (
				0D707B3D21970EC7002B04B7 /* UserHomePage */,
				0D707B3E21970EF4002B04B7 /* BaseViewController.h */,
				0D707B3F21970EF4002B04B7 /* BaseViewController.m */,
			);
			name = Controller;
			sourceTree = "<group>";
		};
		CF4BFEA52195604300760CED /* Model */ = {
			isa = PBXGroup;
			children = (
				0D707B342195DBAC002B04B7 /* BaseModel.h */,
				0D707B352195DBAC002B04B7 /* BaseModel.m */,
			);
			path = Model;
			sourceTree = "<group>";
		};
		E0808E8DBFB1A9F85BCCFFF2 /* Pods */ = {
			isa = PBXGroup;
			children = (
				575F445389FCFF553818E350 /* Pods-Douyi-clone.debug.xcconfig */,
				50E89DB8B4221AB51F23F2C8 /* Pods-Douyi-clone.release.xcconfig */,
			);
			name = Pods;
			sourceTree = "<group>";
		};
/* End PBXGroup section */

/* Begin PBXNativeTarget section */
		CF4BFE882195599E00760CED /* Douyi-clone */ = {
			isa = PBXNativeTarget;
			buildConfigurationList = CF4BFE9F219559A600760CED /* Build configuration list for PBXNativeTarget "Douyi-clone" */;
			buildPhases = (
				509A948F3888FDCAB579BA2B /* [CP] Check Pods Manifest.lock */,
				CF4BFE852195599E00760CED /* Sources */,
				CF4BFE862195599E00760CED /* Frameworks */,
				CF4BFE872195599E00760CED /* Resources */,
			);
			buildRules = (
			);
			dependencies = (
			);
			name = "Douyi-clone";
			productName = "Douyi-clone";
			productReference = CF4BFE892195599E00760CED /* Douyi-clone.app */;
			productType = "com.apple.product-type.application";
		};
/* End PBXNativeTarget section */

/* Begin PBXProject section */
		CF4BFE812195599D00760CED /* Project object */ = {
			isa = PBXProject;
			attributes = {
				LastUpgradeCheck = 1000;
				ORGANIZATIONNAME = "Antony x";
				TargetAttributes = {
					CF4BFE882195599E00760CED = {
						CreatedOnToolsVersion = 10.0;
					};
				};
			};
			buildConfigurationList = CF4BFE842195599D00760CED /* Build configuration list for PBXProject "Douyi-clone" */;
			compatibilityVersion = "Xcode 9.3";
			developmentRegion = en;
			hasScannedForEncodings = 0;
			knownRegions = (
				en,
				Base,
			);
			mainGroup = CF4BFE802195599D00760CED;
			productRefGroup = CF4BFE8A2195599E00760CED /* Products */;
			projectDirPath = "";
			projectRoot = "";
			targets = (
				CF4BFE882195599E00760CED /* Douyi-clone */,
			);
		};
/* End PBXProject section */

/* Begin PBXResourcesBuildPhase section */
		CF4BFE872195599E00760CED /* Resources */ = {
			isa = PBXResourcesBuildPhase;
			buildActionMask = 2147483647;
			files = (
				CF4BFE99219559A600760CED /* LaunchScreen.storyboard in Resources */,
				CF4BFE96219559A600760CED /* Assets.xcassets in Resources */,
				CF4BFE942195599E00760CED /* Main.storyboard in Resources */,
			);
			runOnlyForDeploymentPostprocessing = 0;
		};
/* End PBXResourcesBuildPhase section */

/* Begin PBXShellScriptBuildPhase section */
		509A948F3888FDCAB579BA2B /* [CP] Check Pods Manifest.lock */ = {
			isa = PBXShellScriptBuildPhase;
			buildActionMask = 2147483647;
			files = (
			);
			inputFileListPaths = (
			);
			inputPaths = (
				"${PODS_PODFILE_DIR_PATH}/Podfile.lock",
				"${PODS_ROOT}/Manifest.lock",
			);
			name = "[CP] Check Pods Manifest.lock";
			outputFileListPaths = (
			);
			outputPaths = (
				"$(DERIVED_FILE_DIR)/Pods-Douyi-clone-checkManifestLockResult.txt",
			);
			runOnlyForDeploymentPostprocessing = 0;
			shellPath = /bin/sh;
			shellScript = "diff \"${PODS_PODFILE_DIR_PATH}/Podfile.lock\" \"${PODS_ROOT}/Manifest.lock\" > /dev/null\nif [ $? != 0 ] ; then\n    # print error to STDERR\n    echo \"error: The sandbox is not in sync with the Podfile.lock. Run 'pod install' or update your CocoaPods installation.\" >&2\n    exit 1\nfi\n# This output is used by Xcode 'outputs' to avoid re-running this script phase.\necho \"SUCCESS\" > \"${SCRIPT_OUTPUT_FILE_0}\"\n";
			showEnvVarsInLog = 0;
		};
/* End PBXShellScriptBuildPhase section */

/* Begin PBXSourcesBuildPhase section */
		CF4BFE852195599E00760CED /* Sources */ = {
			isa = PBXSourcesBuildPhase;
			buildActionMask = 2147483647;
			files = (
				CF4BFE9C219559A600760CED /* main.m in Sources */,
				0D707B462197FFE8002B04B7 /* UserHeader.m in Sources */,
				0D707B4021970EF4002B04B7 /* BaseViewController.m in Sources */,
				0D707B362195DBAC002B04B7 /* BaseModel.m in Sources */,
				CF4BFE8E2195599E00760CED /* AppDelegate.m in Sources */,
				0D707B3C219681A4002B04B7 /* UserHomeController.m in Sources */,
			);
			runOnlyForDeploymentPostprocessing = 0;
		};
/* End PBXSourcesBuildPhase section */

/* Begin PBXVariantGroup section */
		CF4BFE922195599E00760CED /* Main.storyboard */ = {
			isa = PBXVariantGroup;
			children = (
				CF4BFE932195599E00760CED /* Base */,
			);
			name = Main.storyboard;
			sourceTree = "<group>";
		};
		CF4BFE97219559A600760CED /* LaunchScreen.storyboard */ = {
			isa = PBXVariantGroup;
			children = (
				CF4BFE98219559A600760CED /* Base */,
			);
			name = LaunchScreen.storyboard;
			sourceTree = "<group>";
		};
/* End PBXVariantGroup section */

/* Begin XCBuildConfiguration section */
		CF4BFE9D219559A600760CED /* Debug */ = {
			isa = XCBuildConfiguration;
			buildSettings = {
				ALWAYS_SEARCH_USER_PATHS = NO;
				CLANG_ANALYZER_NONNULL = YES;
				CLANG_ANALYZER_NUMBER_OBJECT_CONVERSION = YES_AGGRESSIVE;
				CLANG_CXX_LANGUAGE_STANDARD = "gnu++14";
				CLANG_CXX_LIBRARY = "libc++";
				CLANG_ENABLE_MODULES = YES;
				CLANG_ENABLE_OBJC_ARC = YES;
				CLANG_ENABLE_OBJC_WEAK = YES;
				CLANG_WARN_BLOCK_CAPTURE_AUTORELEASING = YES;
				CLANG_WARN_BOOL_CONVERSION = YES;
				CLANG_WARN_COMMA = YES;
				CLANG_WARN_CONSTANT_CONVERSION = YES;
				CLANG_WARN_DEPRECATED_OBJC_IMPLEMENTATIONS = YES;
				CLANG_WARN_DIRECT_OBJC_ISA_USAGE = YES_ERROR;
				CLANG_WARN_DOCUMENTATION_COMMENTS = YES;
				CLANG_WARN_EMPTY_BODY = YES;
				CLANG_WARN_ENUM_CONVERSION = YES;
				CLANG_WARN_INFINITE_RECURSION = YES;
				CLANG_WARN_INT_CONVERSION = YES;
				CLANG_WARN_NON_LITERAL_NULL_CONVERSION = YES;
				CLANG_WARN_OBJC_IMPLICIT_RETAIN_SELF = YES;
				CLANG_WARN_OBJC_LITERAL_CONVERSION = YES;
				CLANG_WARN_OBJC_ROOT_CLASS = YES_ERROR;
				CLANG_WARN_RANGE_LOOP_ANALYSIS = YES;
				CLANG_WARN_STRICT_PROTOTYPES = YES;
				CLANG_WARN_SUSPICIOUS_MOVE = YES;
				CLANG_WARN_UNGUARDED_AVAILABILITY = YES_AGGRESSIVE;
				CLANG_WARN_UNREACHABLE_CODE = YES;
				CLANG_WARN__DUPLICATE_METHOD_MATCH = YES;
				CODE_SIGN_IDENTITY = "iPhone Developer";
				COPY_PHASE_STRIP = NO;
				DEBUG_INFORMATION_FORMAT = dwarf;
				ENABLE_STRICT_OBJC_MSGSEND = YES;
				ENABLE_TESTABILITY = YES;
				GCC_C_LANGUAGE_STANDARD = gnu11;
				GCC_DYNAMIC_NO_PIC = NO;
				GCC_NO_COMMON_BLOCKS = YES;
				GCC_OPTIMIZATION_LEVEL = 0;
				GCC_PREPROCESSOR_DEFINITIONS = (
					"DEBUG=1",
					"$(inherited)",
				);
				GCC_WARN_64_TO_32_BIT_CONVERSION = YES;
				GCC_WARN_ABOUT_RETURN_TYPE = YES_ERROR;
				GCC_WARN_UNDECLARED_SELECTOR = YES;
				GCC_WARN_UNINITIALIZED_AUTOS = YES_AGGRESSIVE;
				GCC_WARN_UNUSED_FUNCTION = YES;
				GCC_WARN_UNUSED_VARIABLE = YES;
				IPHONEOS_DEPLOYMENT_TARGET = 12.0;
				MTL_ENABLE_DEBUG_INFO = INCLUDE_SOURCE;
				MTL_FAST_MATH = YES;
				ONLY_ACTIVE_ARCH = YES;
				SDKROOT = iphoneos;
			};
			name = Debug;
		};
		CF4BFE9E219559A600760CED /* Release */ = {
			isa = XCBuildConfiguration;
			buildSettings = {
				ALWAYS_SEARCH_USER_PATHS = NO;
				CLANG_ANALYZER_NONNULL = YES;
				CLANG_ANALYZER_NUMBER_OBJECT_CONVERSION = YES_AGGRESSIVE;
				CLANG_CXX_LANGUAGE_STANDARD = "gnu++14";
				CLANG_CXX_LIBRARY = "libc++";
				CLANG_ENABLE_MODULES = YES;
				CLANG_ENABLE_OBJC_ARC = YES;
				CLANG_ENABLE_OBJC_WEAK = YES;
				CLANG_WARN_BLOCK_CAPTURE_AUTORELEASING = YES;
				CLANG_WARN_BOOL_CONVERSION = YES;
				CLANG_WARN_COMMA = YES;
				CLANG_WARN_CONSTANT_CONVERSION = YES;
				CLANG_WARN_DEPRECATED_OBJC_IMPLEMENTATIONS = YES;
				CLANG_WARN_DIRECT_OBJC_ISA_USAGE = YES_ERROR;
				CLANG_WARN_DOCUMENTATION_COMMENTS = YES;
				CLANG_WARN_EMPTY_BODY = YES;
				CLANG_WARN_ENUM_CONVERSION = YES;
				CLANG_WARN_INFINITE_RECURSION = YES;
				CLANG_WARN_INT_CONVERSION = YES;
				CLANG_WARN_NON_LITERAL_NULL_CONVERSION = YES;
				CLANG_WARN_OBJC_IMPLICIT_RETAIN_SELF = YES;
				CLANG_WARN_OBJC_LITERAL_CONVERSION = YES;
				CLANG_WARN_OBJC_ROOT_CLASS = YES_ERROR;
				CLANG_WARN_RANGE_LOOP_ANALYSIS = YES;
				CLANG_WARN_STRICT_PROTOTYPES = YES;
				CLANG_WARN_SUSPICIOUS_MOVE = YES;
				CLANG_WARN_UNGUARDED_AVAILABILITY = YES_AGGRESSIVE;
				CLANG_WARN_UNREACHABLE_CODE = YES;
				CLANG_WARN__DUPLICATE_METHOD_MATCH = YES;
				CODE_SIGN_IDENTITY = "iPhone Developer";
				COPY_PHASE_STRIP = NO;
				DEBUG_INFORMATION_FORMAT = "dwarf-with-dsym";
				ENABLE_NS_ASSERTIONS = NO;
				ENABLE_STRICT_OBJC_MSGSEND = YES;
				GCC_C_LANGUAGE_STANDARD = gnu11;
				GCC_NO_COMMON_BLOCKS = YES;
				GCC_WARN_64_TO_32_BIT_CONVERSION = YES;
				GCC_WARN_ABOUT_RETURN_TYPE = YES_ERROR;
				GCC_WARN_UNDECLARED_SELECTOR = YES;
				GCC_WARN_UNINITIALIZED_AUTOS = YES_AGGRESSIVE;
				GCC_WARN_UNUSED_FUNCTION = YES;
				GCC_WARN_UNUSED_VARIABLE = YES;
				IPHONEOS_DEPLOYMENT_TARGET = 12.0;
				MTL_ENABLE_DEBUG_INFO = NO;
				MTL_FAST_MATH = YES;
				SDKROOT = iphoneos;
				VALIDATE_PRODUCT = YES;
			};
			name = Release;
		};
		CF4BFEA0219559A600760CED /* Debug */ = {
			isa = XCBuildConfiguration;
			baseConfigurationReference = 575F445389FCFF553818E350 /* Pods-Douyi-clone.debug.xcconfig */;
			buildSettings = {
				ASSETCATALOG_COMPILER_APPICON_NAME = AppIcon;
				CODE_SIGN_STYLE = Automatic;
				INFOPLIST_FILE = "Douyi-clone/Info.plist";
				LD_RUNPATH_SEARCH_PATHS = (
					"$(inherited)",
					"@executable_path/Frameworks",
				);
				PRODUCT_BUNDLE_IDENTIFIER = "com.antony.test.Douyi-clone";
				PRODUCT_NAME = "$(TARGET_NAME)";
				TARGETED_DEVICE_FAMILY = "1,2";
			};
			name = Debug;
		};
		CF4BFEA1219559A600760CED /* Release */ = {
			isa = XCBuildConfiguration;
			baseConfigurationReference = 50E89DB8B4221AB51F23F2C8 /* Pods-Douyi-clone.release.xcconfig */;
			buildSettings = {
				ASSETCATALOG_COMPILER_APPICON_NAME = AppIcon;
				CODE_SIGN_STYLE = Automatic;
				INFOPLIST_FILE = "Douyi-clone/Info.plist";
				LD_RUNPATH_SEARCH_PATHS = (
					"$(inherited)",
					"@executable_path/Frameworks",
				);
				PRODUCT_BUNDLE_IDENTIFIER = "com.antony.test.Douyi-clone";
				PRODUCT_NAME = "$(TARGET_NAME)";
				TARGETED_DEVICE_FAMILY = "1,2";
			};
			name = Release;
		};
/* End XCBuildConfiguration section */

/* Begin XCConfigurationList section */
		CF4BFE842195599D00760CED /* Build configuration list for PBXProject "Douyi-clone" */ = {
			isa = XCConfigurationList;
			buildConfigurations = (
				CF4BFE9D219559A600760CED /* Debug */,
				CF4BFE9E219559A600760CED /* Release */,
			);
			defaultConfigurationIsVisible = 0;
			defaultConfigurationName = Release;
		};
		CF4BFE9F219559A600760CED /* Build configuration list for PBXNativeTarget "Douyi-clone" */ = {
			isa = XCConfigurationList;
			buildConfigurations = (
				CF4BFEA0219559A600760CED /* Debug */,
				CF4BFEA1219559A600760CED /* Release */,
			);
			defaultConfigurationIsVisible = 0;
			defaultConfigurationName = Release;
		};
/* End XCConfigurationList section */
	};
	rootObject = CF4BFE812195599D00760CED /* Project object */;
}
